{
  "name": "neverthrow-safe-ret",
  "version": "1.0.0",
  "lockfileVersion": 3,
  "requires": true,
  "packages": {
    "": {
      "name": "neverthrow-safe-ret",
      "version": "1.0.0",
      "license": "MIT",
      "devDependencies": {
        "neverthrow": "^8.0.0",
        "typescript": "^5.7.3"
      },
      "peerDependencies": {
        "neverthrow": "*"
      }
    },
    "node_modules/@rollup/rollup-linux-x64-gnu": {
      "version": "4.34.8",
      "resolved": "https://registry.npmjs.org/@rollup/rollup-linux-x64-gnu/-/rollup-linux-x64-gnu-4.34.8.tgz",
      "integrity": "sha512-8y7ED8gjxITUltTUEJLQdgpbPh1sUQ0kMTmufRF/Ns5tI9TNMNlhWtmPKKHCU0SilX+3MJkZ0zERYYGIVBYHIA==",
      "cpu": [
        "x64"
      ],
      "dev": true,
      "license": "MIT",
      "optional": true,
      "os": [
        "linux"
      ]
    },
    "node_modules/neverthrow": {
      "version": "8.1.1",
      "resolved": "https://registry.npmjs.org/neverthrow/-/neverthrow-8.1.1.tgz",
      "integrity": "sha512-DpbZ/UDI0B+TxJB1JysXSfi1++3YK2xLBqQLTlRN0b4zxlZ2MoiB+dKKV8dMRzt1fAFjRKDknXOVJgpl+a4Amw==",
      "dev": true,
      "license": "MIT",
      "engines": {
        "node": ">=18"
      },
      "optionalDependencies": {
        "@rollup/rollup-linux-x64-gnu": "^4.24.0"
      }
    },
    "node_modules/typescript": {
      "version": "5.7.3",
      "resolved": "https://registry.npmjs.org/typescript/-/typescript-5.7.3.tgz",
      "integrity": "sha512-84MVSjMEHP+FQRPy3pX9sTVV/INIex71s9TL2Gm5FG/WG1SqXeKyZ0k7/blY/4FdOzI12CBy1vGc4og/eus0fw==",
      "dev": true,
      "license": "Apache-2.0",
      "bin": {
        "tsc": "bin/tsc",
        "tsserver": "bin/tsserver"
      },
      "engines": {
        "node": ">=14.17"
      }
    }
  }
}
